
Microsoft Visual Studio Solution File, Format Version 12.00
# Visual Studio Version 17
VisualStudioVersion = 17.4.33213.308
MinimumVisualStudioVersion = 10.0.40219.1
Project("{FAE04EC0-301F-11D3-BF4B-00C04F79EFBC}") = "1. Advertisement Message", "23. Exercise Objects and Classes\1. Advertisement Message.csproj", "{7A90C9C3-E17F-45D0-8443-F6C8C451A456}"
EndProject
Project("{FAE04EC0-301F-11D3-BF4B-00C04F79EFBC}") = "3. Articles 2.0", "3. Articles 2.0\3. Articles 2.0.csproj", "{830C87AF-7DC3-436A-9007-1D4E89096F6E}"
EndProject
Project("{FAE04EC0-301F-11D3-BF4B-00C04F79EFBC}") = "2. Articles", "2\2. Articles.csproj", "{AB63696D-C14E-4917-BE26-67067AE4BB63}"
EndProject
Global
	GlobalSection(SolutionConfigurationPlatforms) = preSolution
		Debug|Any CPU = Debug|Any CPU
		Release|Any CPU = Release|Any CPU
	EndGlobalSection
	GlobalSection(ProjectConfigurationPlatforms) = postSolution
		{7A90C9C3-E17F-45D0-8443-F6C8C451A456}.Debug|Any CPU.ActiveCfg = Debug|Any CPU
		{7A90C9C3-E17F-45D0-8443-F6C8C451A456}.Debug|Any CPU.Build.0 = Debug|Any CPU
		{7A90C9C3-E17F-45D0-8443-F6C8C451A456}.Release|Any CPU.ActiveCfg = Release|Any CPU
		{7A90C9C3-E17F-45D0-8443-F6C8C451A456}.Release|Any CPU.Build.0 = Release|Any CPU
		{830C87AF-7DC3-436A-9007-1D4E89096F6E}.Debug|Any CPU.ActiveCfg = Debug|Any CPU
		{830C87AF-7DC3-436A-9007-1D4E89096F6E}.Debug|Any CPU.Build.0 = Debug|Any CPU
		{830C87AF-7DC3-436A-9007-1D4E89096F6E}.Release|Any CPU.ActiveCfg = Release|Any CPU
		{830C87AF-7DC3-436A-9007-1D4E89096F6E}.Release|Any CPU.Build.0 = Release|Any CPU
		{AB63696D-C14E-4917-BE26-67067AE4BB63}.Debug|Any CPU.ActiveCfg = Debug|Any CPU
		{AB63696D-C14E-4917-BE26-67067AE4BB63}.Debug|Any CPU.Build.0 = Debug|Any CPU
		{AB63696D-C14E-4917-BE26-67067AE4BB63}.Release|Any CPU.ActiveCfg = Release|Any CPU
		{AB63696D-C14E-4917-BE26-67067AE4BB63}.Release|Any CPU.Build.0 = Release|Any CPU
	EndGlobalSection
	GlobalSection(SolutionProperties) = preSolution
		HideSolutionNode = FALSE
	EndGlobalSection
	GlobalSection(ExtensibilityGlobals) = postSolution
		SolutionGuid = {FB90E7C1-587B-4CC7-B3E2-9EAA5020F335}
	EndGlobalSection
EndGlobal
