
Microsoft Visual Studio Solution File, Format Version 12.00
# Visual Studio Version 17
VisualStudioVersion = 17.4.33213.308
MinimumVisualStudioVersion = 10.0.40219.1
Project("{9A19103F-16F7-4668-BE54-9A1E7A4F7556}") = "1. Sign of Integer Numbers", "14. Methods\1. Sign of Integer Numbers.csproj", "{74E6D6C8-DC06-4949-BF75-0F13B443DD2C}"
EndProject
Project("{9A19103F-16F7-4668-BE54-9A1E7A4F7556}") = "2. Grades", "2. Grades\2. Grades.csproj", "{31712102-CD78-49AF-8284-87842043709F}"
EndProject
Project("{9A19103F-16F7-4668-BE54-9A1E7A4F7556}") = "3. Calculations", "3. Calculations\3. Calculations.csproj", "{C20613D8-1F87-4C44-8811-A58963E76D0E}"
EndProject
Project("{9A19103F-16F7-4668-BE54-9A1E7A4F7556}") = "Example - excersice", "Example - excersice\Example - excersice.csproj", "{5DE1BE32-506A-40E8-ADD6-D5C606BB7224}"
EndProject
Project("{9A19103F-16F7-4668-BE54-9A1E7A4F7556}") = "4. Printing Triangle", "4. Printing Triangle\4. Printing Triangle.csproj", "{B708AC01-C45F-4A5C-816D-DF7E40B3BFF5}"
EndProject
Project("{9A19103F-16F7-4668-BE54-9A1E7A4F7556}") = "5. Orders", "ConsoleApp1\5. Orders.csproj", "{828E4DC4-F139-46F5-A52A-6EB7FEB7553C}"
EndProject
Project("{9A19103F-16F7-4668-BE54-9A1E7A4F7556}") = "6. Calculate Rectangle Area", "6. Calculate Rectangle Area\6. Calculate Rectangle Area.csproj", "{B9FBB10B-7B02-475E-BE36-F822FD86F423}"
EndProject
Project("{9A19103F-16F7-4668-BE54-9A1E7A4F7556}") = "7. Repeat String", "7. Repeat String\7. Repeat String.csproj", "{337466FC-77FC-40D2-9848-104263329CF9}"
EndProject
Project("{9A19103F-16F7-4668-BE54-9A1E7A4F7556}") = "8. Math Power", "8. Math Power\8. Math Power.csproj", "{F609B6F0-53FD-4AE5-BE8F-6339BCA96B2D}"
EndProject
Project("{9A19103F-16F7-4668-BE54-9A1E7A4F7556}") = "9. Greater of Two Values", "9. Greater of Two Values\9. Greater of Two Values.csproj", "{7737E3D9-86C5-414C-8BFF-2F4879A0C243}"
EndProject
Project("{FAE04EC0-301F-11D3-BF4B-00C04F79EFBC}") = "10. Multiply Even by Odds", "10. Multiply Even by Odds - 2nd\10. Multiply Even by Odds.csproj", "{9A3EAEAC-AB93-47F1-8377-174AEF32B1D9}"
EndProject
Project("{FAE04EC0-301F-11D3-BF4B-00C04F79EFBC}") = "11. Math Operations", "11\11. Math Operations.csproj", "{E0B3A40F-B344-4006-A703-AEDFF125D0B2}"
EndProject
Project("{FAE04EC0-301F-11D3-BF4B-00C04F79EFBC}") = "10.", "10\10..csproj", "{320F0712-91DB-4211-A293-69E6F1CD4D0D}"
EndProject
Global
	GlobalSection(SolutionConfigurationPlatforms) = preSolution
		Debug|Any CPU = Debug|Any CPU
		Release|Any CPU = Release|Any CPU
	EndGlobalSection
	GlobalSection(ProjectConfigurationPlatforms) = postSolution
		{74E6D6C8-DC06-4949-BF75-0F13B443DD2C}.Debug|Any CPU.ActiveCfg = Debug|Any CPU
		{74E6D6C8-DC06-4949-BF75-0F13B443DD2C}.Debug|Any CPU.Build.0 = Debug|Any CPU
		{74E6D6C8-DC06-4949-BF75-0F13B443DD2C}.Release|Any CPU.ActiveCfg = Release|Any CPU
		{74E6D6C8-DC06-4949-BF75-0F13B443DD2C}.Release|Any CPU.Build.0 = Release|Any CPU
		{31712102-CD78-49AF-8284-87842043709F}.Debug|Any CPU.ActiveCfg = Debug|Any CPU
		{31712102-CD78-49AF-8284-87842043709F}.Debug|Any CPU.Build.0 = Debug|Any CPU
		{31712102-CD78-49AF-8284-87842043709F}.Release|Any CPU.ActiveCfg = Release|Any CPU
		{31712102-CD78-49AF-8284-87842043709F}.Release|Any CPU.Build.0 = Release|Any CPU
		{C20613D8-1F87-4C44-8811-A58963E76D0E}.Debug|Any CPU.ActiveCfg = Debug|Any CPU
		{C20613D8-1F87-4C44-8811-A58963E76D0E}.Debug|Any CPU.Build.0 = Debug|Any CPU
		{C20613D8-1F87-4C44-8811-A58963E76D0E}.Release|Any CPU.ActiveCfg = Release|Any CPU
		{C20613D8-1F87-4C44-8811-A58963E76D0E}.Release|Any CPU.Build.0 = Release|Any CPU
		{5DE1BE32-506A-40E8-ADD6-D5C606BB7224}.Debug|Any CPU.ActiveCfg = Debug|Any CPU
		{5DE1BE32-506A-40E8-ADD6-D5C606BB7224}.Debug|Any CPU.Build.0 = Debug|Any CPU
		{5DE1BE32-506A-40E8-ADD6-D5C606BB7224}.Release|Any CPU.ActiveCfg = Release|Any CPU
		{5DE1BE32-506A-40E8-ADD6-D5C606BB7224}.Release|Any CPU.Build.0 = Release|Any CPU
		{B708AC01-C45F-4A5C-816D-DF7E40B3BFF5}.Debug|Any CPU.ActiveCfg = Debug|Any CPU
		{B708AC01-C45F-4A5C-816D-DF7E40B3BFF5}.Debug|Any CPU.Build.0 = Debug|Any CPU
		{B708AC01-C45F-4A5C-816D-DF7E40B3BFF5}.Release|Any CPU.ActiveCfg = Release|Any CPU
		{B708AC01-C45F-4A5C-816D-DF7E40B3BFF5}.Release|Any CPU.Build.0 = Release|Any CPU
		{828E4DC4-F139-46F5-A52A-6EB7FEB7553C}.Debug|Any CPU.ActiveCfg = Debug|Any CPU
		{828E4DC4-F139-46F5-A52A-6EB7FEB7553C}.Debug|Any CPU.Build.0 = Debug|Any CPU
		{828E4DC4-F139-46F5-A52A-6EB7FEB7553C}.Release|Any CPU.ActiveCfg = Release|Any CPU
		{828E4DC4-F139-46F5-A52A-6EB7FEB7553C}.Release|Any CPU.Build.0 = Release|Any CPU
		{B9FBB10B-7B02-475E-BE36-F822FD86F423}.Debug|Any CPU.ActiveCfg = Debug|Any CPU
		{B9FBB10B-7B02-475E-BE36-F822FD86F423}.Debug|Any CPU.Build.0 = Debug|Any CPU
		{B9FBB10B-7B02-475E-BE36-F822FD86F423}.Release|Any CPU.ActiveCfg = Release|Any CPU
		{B9FBB10B-7B02-475E-BE36-F822FD86F423}.Release|Any CPU.Build.0 = Release|Any CPU
		{337466FC-77FC-40D2-9848-104263329CF9}.Debug|Any CPU.ActiveCfg = Debug|Any CPU
		{337466FC-77FC-40D2-9848-104263329CF9}.Debug|Any CPU.Build.0 = Debug|Any CPU
		{337466FC-77FC-40D2-9848-104263329CF9}.Release|Any CPU.ActiveCfg = Release|Any CPU
		{337466FC-77FC-40D2-9848-104263329CF9}.Release|Any CPU.Build.0 = Release|Any CPU
		{F609B6F0-53FD-4AE5-BE8F-6339BCA96B2D}.Debug|Any CPU.ActiveCfg = Debug|Any CPU
		{F609B6F0-53FD-4AE5-BE8F-6339BCA96B2D}.Debug|Any CPU.Build.0 = Debug|Any CPU
		{F609B6F0-53FD-4AE5-BE8F-6339BCA96B2D}.Release|Any CPU.ActiveCfg = Release|Any CPU
		{F609B6F0-53FD-4AE5-BE8F-6339BCA96B2D}.Release|Any CPU.Build.0 = Release|Any CPU
		{7737E3D9-86C5-414C-8BFF-2F4879A0C243}.Debug|Any CPU.ActiveCfg = Debug|Any CPU
		{7737E3D9-86C5-414C-8BFF-2F4879A0C243}.Debug|Any CPU.Build.0 = Debug|Any CPU
		{7737E3D9-86C5-414C-8BFF-2F4879A0C243}.Release|Any CPU.ActiveCfg = Release|Any CPU
		{7737E3D9-86C5-414C-8BFF-2F4879A0C243}.Release|Any CPU.Build.0 = Release|Any CPU
		{9A3EAEAC-AB93-47F1-8377-174AEF32B1D9}.Debug|Any CPU.ActiveCfg = Debug|Any CPU
		{9A3EAEAC-AB93-47F1-8377-174AEF32B1D9}.Debug|Any CPU.Build.0 = Debug|Any CPU
		{9A3EAEAC-AB93-47F1-8377-174AEF32B1D9}.Release|Any CPU.ActiveCfg = Release|Any CPU
		{9A3EAEAC-AB93-47F1-8377-174AEF32B1D9}.Release|Any CPU.Build.0 = Release|Any CPU
		{E0B3A40F-B344-4006-A703-AEDFF125D0B2}.Debug|Any CPU.ActiveCfg = Debug|Any CPU
		{E0B3A40F-B344-4006-A703-AEDFF125D0B2}.Debug|Any CPU.Build.0 = Debug|Any CPU
		{E0B3A40F-B344-4006-A703-AEDFF125D0B2}.Release|Any CPU.ActiveCfg = Release|Any CPU
		{E0B3A40F-B344-4006-A703-AEDFF125D0B2}.Release|Any CPU.Build.0 = Release|Any CPU
		{320F0712-91DB-4211-A293-69E6F1CD4D0D}.Debug|Any CPU.ActiveCfg = Debug|Any CPU
		{320F0712-91DB-4211-A293-69E6F1CD4D0D}.Debug|Any CPU.Build.0 = Debug|Any CPU
		{320F0712-91DB-4211-A293-69E6F1CD4D0D}.Release|Any CPU.ActiveCfg = Release|Any CPU
		{320F0712-91DB-4211-A293-69E6F1CD4D0D}.Release|Any CPU.Build.0 = Release|Any CPU
	EndGlobalSection
	GlobalSection(SolutionProperties) = preSolution
		HideSolutionNode = FALSE
	EndGlobalSection
	GlobalSection(ExtensibilityGlobals) = postSolution
		SolutionGuid = {F7CEC879-9D11-4ACB-B98F-AC8EE66C1B51}
	EndGlobalSection
EndGlobal
