
Microsoft Visual Studio Solution File, Format Version 12.00
# Visual Studio Version 17
VisualStudioVersion = 17.4.33213.308
MinimumVisualStudioVersion = 10.0.40219.1
Project("{9A19103F-16F7-4668-BE54-9A1E7A4F7556}") = "1. Extract Person Information", "1. Extract Person Information\1. Extract Person Information.csproj", "{835A1BC1-04CD-4329-8958-97182DB89657}"
EndProject
Project("{FAE04EC0-301F-11D3-BF4B-00C04F79EFBC}") = "2. Ascii Sumator", "2. Ascii Sumator\2. Ascii Sumator.csproj", "{F2698860-D481-42C0-B925-A25BABDF8884}"
EndProject
Project("{FAE04EC0-301F-11D3-BF4B-00C04F79EFBC}") = "3. Treasure Finder", "3. Treasure Finder\3. Treasure Finder.csproj", "{E38FC47E-5E33-43A4-96F5-D6EB7B808B42}"
EndProject
Global
	GlobalSection(SolutionConfigurationPlatforms) = preSolution
		Debug|Any CPU = Debug|Any CPU
		Release|Any CPU = Release|Any CPU
	EndGlobalSection
	GlobalSection(ProjectConfigurationPlatforms) = postSolution
		{835A1BC1-04CD-4329-8958-97182DB89657}.Debug|Any CPU.ActiveCfg = Debug|Any CPU
		{835A1BC1-04CD-4329-8958-97182DB89657}.Debug|Any CPU.Build.0 = Debug|Any CPU
		{835A1BC1-04CD-4329-8958-97182DB89657}.Release|Any CPU.ActiveCfg = Release|Any CPU
		{835A1BC1-04CD-4329-8958-97182DB89657}.Release|Any CPU.Build.0 = Release|Any CPU
		{F2698860-D481-42C0-B925-A25BABDF8884}.Debug|Any CPU.ActiveCfg = Debug|Any CPU
		{F2698860-D481-42C0-B925-A25BABDF8884}.Debug|Any CPU.Build.0 = Debug|Any CPU
		{F2698860-D481-42C0-B925-A25BABDF8884}.Release|Any CPU.ActiveCfg = Release|Any CPU
		{F2698860-D481-42C0-B925-A25BABDF8884}.Release|Any CPU.Build.0 = Release|Any CPU
		{E38FC47E-5E33-43A4-96F5-D6EB7B808B42}.Debug|Any CPU.ActiveCfg = Debug|Any CPU
		{E38FC47E-5E33-43A4-96F5-D6EB7B808B42}.Debug|Any CPU.Build.0 = Debug|Any CPU
		{E38FC47E-5E33-43A4-96F5-D6EB7B808B42}.Release|Any CPU.ActiveCfg = Release|Any CPU
		{E38FC47E-5E33-43A4-96F5-D6EB7B808B42}.Release|Any CPU.Build.0 = Release|Any CPU
	EndGlobalSection
	GlobalSection(SolutionProperties) = preSolution
		HideSolutionNode = FALSE
	EndGlobalSection
	GlobalSection(ExtensibilityGlobals) = postSolution
		SolutionGuid = {B6565F59-44A6-4E12-87D3-4A5F36A3F73C}
	EndGlobalSection
EndGlobal
