
Microsoft Visual Studio Solution File, Format Version 12.00
# Visual Studio Version 17
VisualStudioVersion = 17.4.33213.308
MinimumVisualStudioVersion = 10.0.40219.1
Project("{FAE04EC0-301F-11D3-BF4B-00C04F79EFBC}") = "1. Match Full Name", "1. Match Full Name\1. Match Full Name.csproj", "{648DDFD0-751F-4C29-932A-62253A5F2232}"
EndProject
Project("{FAE04EC0-301F-11D3-BF4B-00C04F79EFBC}") = "2. Match Phone Number", "2. Match Phone Number\2. Match Phone Number.csproj", "{915A1205-D629-461F-8DB6-30A939D5CA16}"
EndProject
Project("{FAE04EC0-301F-11D3-BF4B-00C04F79EFBC}") = "3. Match Dates", "3. Match Dates\3. Match Dates.csproj", "{FBC24BE2-461E-4AA9-8A4C-1D39CC67F319}"
EndProject
Global
	GlobalSection(SolutionConfigurationPlatforms) = preSolution
		Debug|Any CPU = Debug|Any CPU
		Release|Any CPU = Release|Any CPU
	EndGlobalSection
	GlobalSection(ProjectConfigurationPlatforms) = postSolution
		{648DDFD0-751F-4C29-932A-62253A5F2232}.Debug|Any CPU.ActiveCfg = Debug|Any CPU
		{648DDFD0-751F-4C29-932A-62253A5F2232}.Debug|Any CPU.Build.0 = Debug|Any CPU
		{648DDFD0-751F-4C29-932A-62253A5F2232}.Release|Any CPU.ActiveCfg = Release|Any CPU
		{648DDFD0-751F-4C29-932A-62253A5F2232}.Release|Any CPU.Build.0 = Release|Any CPU
		{915A1205-D629-461F-8DB6-30A939D5CA16}.Debug|Any CPU.ActiveCfg = Debug|Any CPU
		{915A1205-D629-461F-8DB6-30A939D5CA16}.Debug|Any CPU.Build.0 = Debug|Any CPU
		{915A1205-D629-461F-8DB6-30A939D5CA16}.Release|Any CPU.ActiveCfg = Release|Any CPU
		{915A1205-D629-461F-8DB6-30A939D5CA16}.Release|Any CPU.Build.0 = Release|Any CPU
		{FBC24BE2-461E-4AA9-8A4C-1D39CC67F319}.Debug|Any CPU.ActiveCfg = Debug|Any CPU
		{FBC24BE2-461E-4AA9-8A4C-1D39CC67F319}.Debug|Any CPU.Build.0 = Debug|Any CPU
		{FBC24BE2-461E-4AA9-8A4C-1D39CC67F319}.Release|Any CPU.ActiveCfg = Release|Any CPU
		{FBC24BE2-461E-4AA9-8A4C-1D39CC67F319}.Release|Any CPU.Build.0 = Release|Any CPU
	EndGlobalSection
	GlobalSection(SolutionProperties) = preSolution
		HideSolutionNode = FALSE
	EndGlobalSection
	GlobalSection(ExtensibilityGlobals) = postSolution
		SolutionGuid = {CB9DEBE1-6AD4-4DE5-BFFC-DA334FC54AA9}
	EndGlobalSection
EndGlobal
